github.com/gorilla/websocket v1.5.0 h1:PPwGk2jz7EePpoHN/+ClbZu8SPxiqlu12wZP/3sWmnc=
github.com/gorilla/websocket v1.5.0/go.mod h1:YR8l580nyteQvAITg2hZ9XVh4b55+EU/adAjf1fMHhE=
github.com/mjwhitta/errors v1.0.1 h1:f12gpCh23cfzXUgtlZBWGs387ZJeEeOemv7hLSvBAx0=
github.com/mjwhitta/errors v1.0.1/go.mod h1:VxHM8bLMPVqkvHiYQq4Nq4sjNqPjUtKLhSF2I0wve5U=
github.com/mjwhitta/hilighter v1.11.2 h1:RKl9BeBjHWNacbQuR3F4yzfUEr1krLwjgFsDI9ZuyZo=
github.com/mjwhitta/hilighter v1.11.2/go.mod h1:0Yzfon7qT8oTfofbA+SGaB21GQshjlOgwDEF6xuCyVc=
github.com/mjwhitta/log v1.6.3 h1:dY0d9duROyuKytPGCZeC7QZvoLxgvnT/Q8nNFT8V4eI=
github.com/mjwhitta/log v1.6.3/go.mod h1:1GbElSBgBrnzGBa6m/tRuOd0E89QnoPSDpmnN7FdtmE=
